
Microsoft Visual Studio Solution File, Format Version 12.00
# Visual Studio Version 17
VisualStudioVersion = 17.0.31903.59
MinimumVisualStudioVersion = 10.0.40219.1
Project("{9A19103F-16F7-4668-BE54-9A1E7A4F7556}") = "Trp.Hangfire", "Trp.Hangfire\Trp.Hangfire.csproj", "{3BA56332-DD92-42BF-BD47-F08A4184AD36}"
EndProject
Project("{9A19103F-16F7-4668-BE54-9A1E7A4F7556}") = "Trp.Domain", "Trp.Domain\Trp.Domain.csproj", "{CA23672D-23F5-426B-AD88-E5C551B42FF4}"
EndProject
Project("{9A19103F-16F7-4668-BE54-9A1E7A4F7556}") = "Trp.Service", "Trp.Service\Trp.Service.csproj", "{90B2E69B-31E6-428B-8698-7453EF15BCA2}"
EndProject
Project("{2150E333-8FDC-42A3-9474-1A3956D46DE8}") = "Library", "Library", "{0AB9B2D0-8F5E-4AB8-BBC8-BC5B02221B89}"
EndProject
Project("{2150E333-8FDC-42A3-9474-1A3956D46DE8}") = "Presentation", "Presentation", "{F811D99A-82EE-48BF-92F3-EDF06CE88788}"
EndProject
Project("{9A19103F-16F7-4668-BE54-9A1E7A4F7556}") = "Trp.Jobs", "Trp.Jobs\Trp.Jobs.csproj", "{5AC12C02-D86D-4C8F-B60B-6DEA6F814C24}"
EndProject
Global
	GlobalSection(SolutionConfigurationPlatforms) = preSolution
		Debug|Any CPU = Debug|Any CPU
		Release|Any CPU = Release|Any CPU
	EndGlobalSection
	GlobalSection(ProjectConfigurationPlatforms) = postSolution
		{3BA56332-DD92-42BF-BD47-F08A4184AD36}.Debug|Any CPU.ActiveCfg = Debug|Any CPU
		{3BA56332-DD92-42BF-BD47-F08A4184AD36}.Debug|Any CPU.Build.0 = Debug|Any CPU
		{3BA56332-DD92-42BF-BD47-F08A4184AD36}.Release|Any CPU.ActiveCfg = Release|Any CPU
		{3BA56332-DD92-42BF-BD47-F08A4184AD36}.Release|Any CPU.Build.0 = Release|Any CPU
		{CA23672D-23F5-426B-AD88-E5C551B42FF4}.Debug|Any CPU.ActiveCfg = Debug|Any CPU
		{CA23672D-23F5-426B-AD88-E5C551B42FF4}.Debug|Any CPU.Build.0 = Debug|Any CPU
		{CA23672D-23F5-426B-AD88-E5C551B42FF4}.Release|Any CPU.ActiveCfg = Release|Any CPU
		{CA23672D-23F5-426B-AD88-E5C551B42FF4}.Release|Any CPU.Build.0 = Release|Any CPU
		{90B2E69B-31E6-428B-8698-7453EF15BCA2}.Debug|Any CPU.ActiveCfg = Debug|Any CPU
		{90B2E69B-31E6-428B-8698-7453EF15BCA2}.Debug|Any CPU.Build.0 = Debug|Any CPU
		{90B2E69B-31E6-428B-8698-7453EF15BCA2}.Release|Any CPU.ActiveCfg = Release|Any CPU
		{90B2E69B-31E6-428B-8698-7453EF15BCA2}.Release|Any CPU.Build.0 = Release|Any CPU
		{5AC12C02-D86D-4C8F-B60B-6DEA6F814C24}.Debug|Any CPU.ActiveCfg = Debug|Any CPU
		{5AC12C02-D86D-4C8F-B60B-6DEA6F814C24}.Debug|Any CPU.Build.0 = Debug|Any CPU
		{5AC12C02-D86D-4C8F-B60B-6DEA6F814C24}.Release|Any CPU.ActiveCfg = Release|Any CPU
		{5AC12C02-D86D-4C8F-B60B-6DEA6F814C24}.Release|Any CPU.Build.0 = Release|Any CPU
	EndGlobalSection
	GlobalSection(SolutionProperties) = preSolution
		HideSolutionNode = FALSE
	EndGlobalSection
	GlobalSection(NestedProjects) = preSolution
		{3BA56332-DD92-42BF-BD47-F08A4184AD36} = {F811D99A-82EE-48BF-92F3-EDF06CE88788}
		{CA23672D-23F5-426B-AD88-E5C551B42FF4} = {0AB9B2D0-8F5E-4AB8-BBC8-BC5B02221B89}
		{90B2E69B-31E6-428B-8698-7453EF15BCA2} = {0AB9B2D0-8F5E-4AB8-BBC8-BC5B02221B89}
		{5AC12C02-D86D-4C8F-B60B-6DEA6F814C24} = {0AB9B2D0-8F5E-4AB8-BBC8-BC5B02221B89}
	EndGlobalSection
	GlobalSection(ExtensibilityGlobals) = postSolution
		SolutionGuid = {45E635D4-728E-4C7A-BF89-37D44CFF6953}
	EndGlobalSection
EndGlobal
